
Microsoft Visual Studio Solution File, Format Version 12.00
# Visual Studio Version 16
VisualStudioVersion = 16.0.29001.49
MinimumVisualStudioVersion = 10.0.40219.1
Project("{9A19103F-16F7-4668-BE54-9A1E7A4F7556}") = "RealEstateApp", "RealEstateApp\RealEstateApp.csproj", "{4DA5953A-2F9F-410C-B9C5-592E8A6E2819}"
EndProject
Project("{FAE04EC0-301F-11D3-BF4B-00C04F79EFBC}") = "RealEstateMobile.UWP", "RealEstateMobile\RealEstateMobile.UWP\RealEstateMobile.UWP.csproj", "{BB004666-F4CE-43E3-8341-BBB67294D143}"
EndProject
Project("{FAE04EC0-301F-11D3-BF4B-00C04F79EFBC}") = "RealEstateMobile.Android", "RealEstateMobile\RealEstateMobile.Android\RealEstateMobile.Android.csproj", "{C2D0780A-AED0-4F1F-90FD-FB1228B083DB}"
EndProject
Project("{FAE04EC0-301F-11D3-BF4B-00C04F79EFBC}") = "RealEstateMobile.iOS", "RealEstateMobile\RealEstateMobile.iOS\RealEstateMobile.iOS.csproj", "{F83AC3C4-E9D1-41B3-8B2E-8B02AAA4836E}"
EndProject
Project("{FAE04EC0-301F-11D3-BF4B-00C04F79EFBC}") = "RealEstateMobile", "RealEstateMobile\RealEstateMobile\RealEstateMobile.csproj", "{A9B6F8EF-1072-4599-B93C-49F0FB8FCE8A}"
EndProject
Global
	GlobalSection(SolutionConfigurationPlatforms) = preSolution
		Debug|Any CPU = Debug|Any CPU
		Debug|ARM = Debug|ARM
		Debug|iPhone = Debug|iPhone
		Debug|iPhoneSimulator = Debug|iPhoneSimulator
		Debug|x64 = Debug|x64
		Debug|x86 = Debug|x86
		Release|Any CPU = Release|Any CPU
		Release|ARM = Release|ARM
		Release|iPhone = Release|iPhone
		Release|iPhoneSimulator = Release|iPhoneSimulator
		Release|x64 = Release|x64
		Release|x86 = Release|x86
	EndGlobalSection
	GlobalSection(ProjectConfigurationPlatforms) = postSolution
		{4DA5953A-2F9F-410C-B9C5-592E8A6E2819}.Debug|Any CPU.ActiveCfg = Debug|Any CPU
		{4DA5953A-2F9F-410C-B9C5-592E8A6E2819}.Debug|Any CPU.Build.0 = Debug|Any CPU
		{4DA5953A-2F9F-410C-B9C5-592E8A6E2819}.Debug|ARM.ActiveCfg = Debug|Any CPU
		{4DA5953A-2F9F-410C-B9C5-592E8A6E2819}.Debug|ARM.Build.0 = Debug|Any CPU
		{4DA5953A-2F9F-410C-B9C5-592E8A6E2819}.Debug|iPhone.ActiveCfg = Debug|Any CPU
		{4DA5953A-2F9F-410C-B9C5-592E8A6E2819}.Debug|iPhone.Build.0 = Debug|Any CPU
		{4DA5953A-2F9F-410C-B9C5-592E8A6E2819}.Debug|iPhoneSimulator.ActiveCfg = Debug|Any CPU
		{4DA5953A-2F9F-410C-B9C5-592E8A6E2819}.Debug|iPhoneSimulator.Build.0 = Debug|Any CPU
		{4DA5953A-2F9F-410C-B9C5-592E8A6E2819}.Debug|x64.ActiveCfg = Debug|Any CPU
		{4DA5953A-2F9F-410C-B9C5-592E8A6E2819}.Debug|x64.Build.0 = Debug|Any CPU
		{4DA5953A-2F9F-410C-B9C5-592E8A6E2819}.Debug|x86.ActiveCfg = Debug|Any CPU
		{4DA5953A-2F9F-410C-B9C5-592E8A6E2819}.Debug|x86.Build.0 = Debug|Any CPU
		{4DA5953A-2F9F-410C-B9C5-592E8A6E2819}.Release|Any CPU.ActiveCfg = Release|Any CPU
		{4DA5953A-2F9F-410C-B9C5-592E8A6E2819}.Release|Any CPU.Build.0 = Release|Any CPU
		{4DA5953A-2F9F-410C-B9C5-592E8A6E2819}.Release|ARM.ActiveCfg = Release|Any CPU
		{4DA5953A-2F9F-410C-B9C5-592E8A6E2819}.Release|ARM.Build.0 = Release|Any CPU
		{4DA5953A-2F9F-410C-B9C5-592E8A6E2819}.Release|iPhone.ActiveCfg = Release|Any CPU
		{4DA5953A-2F9F-410C-B9C5-592E8A6E2819}.Release|iPhone.Build.0 = Release|Any CPU
		{4DA5953A-2F9F-410C-B9C5-592E8A6E2819}.Release|iPhoneSimulator.ActiveCfg = Release|Any CPU
		{4DA5953A-2F9F-410C-B9C5-592E8A6E2819}.Release|iPhoneSimulator.Build.0 = Release|Any CPU
		{4DA5953A-2F9F-410C-B9C5-592E8A6E2819}.Release|x64.ActiveCfg = Release|Any CPU
		{4DA5953A-2F9F-410C-B9C5-592E8A6E2819}.Release|x64.Build.0 = Release|Any CPU
		{4DA5953A-2F9F-410C-B9C5-592E8A6E2819}.Release|x86.ActiveCfg = Release|Any CPU
		{4DA5953A-2F9F-410C-B9C5-592E8A6E2819}.Release|x86.Build.0 = Release|Any CPU
		{BB004666-F4CE-43E3-8341-BBB67294D143}.Debug|Any CPU.ActiveCfg = Debug|x86
		{BB004666-F4CE-43E3-8341-BBB67294D143}.Debug|ARM.ActiveCfg = Debug|ARM
		{BB004666-F4CE-43E3-8341-BBB67294D143}.Debug|ARM.Build.0 = Debug|ARM
		{BB004666-F4CE-43E3-8341-BBB67294D143}.Debug|ARM.Deploy.0 = Debug|ARM
		{BB004666-F4CE-43E3-8341-BBB67294D143}.Debug|iPhone.ActiveCfg = Debug|x86
		{BB004666-F4CE-43E3-8341-BBB67294D143}.Debug|iPhoneSimulator.ActiveCfg = Debug|x86
		{BB004666-F4CE-43E3-8341-BBB67294D143}.Debug|x64.ActiveCfg = Debug|x64
		{BB004666-F4CE-43E3-8341-BBB67294D143}.Debug|x64.Build.0 = Debug|x64
		{BB004666-F4CE-43E3-8341-BBB67294D143}.Debug|x64.Deploy.0 = Debug|x64
		{BB004666-F4CE-43E3-8341-BBB67294D143}.Debug|x86.ActiveCfg = Debug|x86
		{BB004666-F4CE-43E3-8341-BBB67294D143}.Debug|x86.Build.0 = Debug|x86
		{BB004666-F4CE-43E3-8341-BBB67294D143}.Debug|x86.Deploy.0 = Debug|x86
		{BB004666-F4CE-43E3-8341-BBB67294D143}.Release|Any CPU.ActiveCfg = Release|x86
		{BB004666-F4CE-43E3-8341-BBB67294D143}.Release|ARM.ActiveCfg = Release|ARM
		{BB004666-F4CE-43E3-8341-BBB67294D143}.Release|ARM.Build.0 = Release|ARM
		{BB004666-F4CE-43E3-8341-BBB67294D143}.Release|ARM.Deploy.0 = Release|ARM
		{BB004666-F4CE-43E3-8341-BBB67294D143}.Release|iPhone.ActiveCfg = Release|x86
		{BB004666-F4CE-43E3-8341-BBB67294D143}.Release|iPhoneSimulator.ActiveCfg = Release|x86
		{BB004666-F4CE-43E3-8341-BBB67294D143}.Release|x64.ActiveCfg = Release|x64
		{BB004666-F4CE-43E3-8341-BBB67294D143}.Release|x64.Build.0 = Release|x64
		{BB004666-F4CE-43E3-8341-BBB67294D143}.Release|x64.Deploy.0 = Release|x64
		{BB004666-F4CE-43E3-8341-BBB67294D143}.Release|x86.ActiveCfg = Release|x86
		{BB004666-F4CE-43E3-8341-BBB67294D143}.Release|x86.Build.0 = Release|x86
		{BB004666-F4CE-43E3-8341-BBB67294D143}.Release|x86.Deploy.0 = Release|x86
		{C2D0780A-AED0-4F1F-90FD-FB1228B083DB}.Debug|Any CPU.ActiveCfg = Debug|Any CPU
		{C2D0780A-AED0-4F1F-90FD-FB1228B083DB}.Debug|Any CPU.Build.0 = Debug|Any CPU
		{C2D0780A-AED0-4F1F-90FD-FB1228B083DB}.Debug|Any CPU.Deploy.0 = Debug|Any CPU
		{C2D0780A-AED0-4F1F-90FD-FB1228B083DB}.Debug|ARM.ActiveCfg = Debug|Any CPU
		{C2D0780A-AED0-4F1F-90FD-FB1228B083DB}.Debug|ARM.Build.0 = Debug|Any CPU
		{C2D0780A-AED0-4F1F-90FD-FB1228B083DB}.Debug|ARM.Deploy.0 = Debug|Any CPU
		{C2D0780A-AED0-4F1F-90FD-FB1228B083DB}.Debug|iPhone.ActiveCfg = Debug|Any CPU
		{C2D0780A-AED0-4F1F-90FD-FB1228B083DB}.Debug|iPhone.Build.0 = Debug|Any CPU
		{C2D0780A-AED0-4F1F-90FD-FB1228B083DB}.Debug|iPhone.Deploy.0 = Debug|Any CPU
		{C2D0780A-AED0-4F1F-90FD-FB1228B083DB}.Debug|iPhoneSimulator.ActiveCfg = Debug|Any CPU
		{C2D0780A-AED0-4F1F-90FD-FB1228B083DB}.Debug|iPhoneSimulator.Build.0 = Debug|Any CPU
		{C2D0780A-AED0-4F1F-90FD-FB1228B083DB}.Debug|iPhoneSimulator.Deploy.0 = Debug|Any CPU
		{C2D0780A-AED0-4F1F-90FD-FB1228B083DB}.Debug|x64.ActiveCfg = Debug|Any CPU
		{C2D0780A-AED0-4F1F-90FD-FB1228B083DB}.Debug|x64.Build.0 = Debug|Any CPU
		{C2D0780A-AED0-4F1F-90FD-FB1228B083DB}.Debug|x64.Deploy.0 = Debug|Any CPU
		{C2D0780A-AED0-4F1F-90FD-FB1228B083DB}.Debug|x86.ActiveCfg = Debug|Any CPU
		{C2D0780A-AED0-4F1F-90FD-FB1228B083DB}.Debug|x86.Build.0 = Debug|Any CPU
		{C2D0780A-AED0-4F1F-90FD-FB1228B083DB}.Debug|x86.Deploy.0 = Debug|Any CPU
		{C2D0780A-AED0-4F1F-90FD-FB1228B083DB}.Release|Any CPU.ActiveCfg = Release|Any CPU
		{C2D0780A-AED0-4F1F-90FD-FB1228B083DB}.Release|Any CPU.Build.0 = Release|Any CPU
		{C2D0780A-AED0-4F1F-90FD-FB1228B083DB}.Release|Any CPU.Deploy.0 = Release|Any CPU
		{C2D0780A-AED0-4F1F-90FD-FB1228B083DB}.Release|ARM.ActiveCfg = Release|Any CPU
		{C2D0780A-AED0-4F1F-90FD-FB1228B083DB}.Release|ARM.Build.0 = Release|Any CPU
		{C2D0780A-AED0-4F1F-90FD-FB1228B083DB}.Release|ARM.Deploy.0 = Release|Any CPU
		{C2D0780A-AED0-4F1F-90FD-FB1228B083DB}.Release|iPhone.ActiveCfg = Release|Any CPU
		{C2D0780A-AED0-4F1F-90FD-FB1228B083DB}.Release|iPhone.Build.0 = Release|Any CPU
		{C2D0780A-AED0-4F1F-90FD-FB1228B083DB}.Release|iPhone.Deploy.0 = Release|Any CPU
		{C2D0780A-AED0-4F1F-90FD-FB1228B083DB}.Release|iPhoneSimulator.ActiveCfg = Release|Any CPU
		{C2D0780A-AED0-4F1F-90FD-FB1228B083DB}.Release|iPhoneSimulator.Build.0 = Release|Any CPU
		{C2D0780A-AED0-4F1F-90FD-FB1228B083DB}.Release|iPhoneSimulator.Deploy.0 = Release|Any CPU
		{C2D0780A-AED0-4F1F-90FD-FB1228B083DB}.Release|x64.ActiveCfg = Release|Any CPU
		{C2D0780A-AED0-4F1F-90FD-FB1228B083DB}.Release|x64.Build.0 = Release|Any CPU
		{C2D0780A-AED0-4F1F-90FD-FB1228B083DB}.Release|x64.Deploy.0 = Release|Any CPU
		{C2D0780A-AED0-4F1F-90FD-FB1228B083DB}.Release|x86.ActiveCfg = Release|Any CPU
		{C2D0780A-AED0-4F1F-90FD-FB1228B083DB}.Release|x86.Build.0 = Release|Any CPU
		{C2D0780A-AED0-4F1F-90FD-FB1228B083DB}.Release|x86.Deploy.0 = Release|Any CPU
		{F83AC3C4-E9D1-41B3-8B2E-8B02AAA4836E}.Debug|Any CPU.ActiveCfg = Debug|iPhone
		{F83AC3C4-E9D1-41B3-8B2E-8B02AAA4836E}.Debug|ARM.ActiveCfg = Debug|iPhone
		{F83AC3C4-E9D1-41B3-8B2E-8B02AAA4836E}.Debug|iPhone.ActiveCfg = Debug|iPhone
		{F83AC3C4-E9D1-41B3-8B2E-8B02AAA4836E}.Debug|iPhone.Build.0 = Debug|iPhone
		{F83AC3C4-E9D1-41B3-8B2E-8B02AAA4836E}.Debug|iPhoneSimulator.ActiveCfg = Debug|iPhoneSimulator
		{F83AC3C4-E9D1-41B3-8B2E-8B02AAA4836E}.Debug|iPhoneSimulator.Build.0 = Debug|iPhoneSimulator
		{F83AC3C4-E9D1-41B3-8B2E-8B02AAA4836E}.Debug|x64.ActiveCfg = Debug|iPhone
		{F83AC3C4-E9D1-41B3-8B2E-8B02AAA4836E}.Debug|x86.ActiveCfg = Debug|iPhone
		{F83AC3C4-E9D1-41B3-8B2E-8B02AAA4836E}.Release|Any CPU.ActiveCfg = Release|iPhone
		{F83AC3C4-E9D1-41B3-8B2E-8B02AAA4836E}.Release|ARM.ActiveCfg = Release|iPhone
		{F83AC3C4-E9D1-41B3-8B2E-8B02AAA4836E}.Release|iPhone.ActiveCfg = Release|iPhone
		{F83AC3C4-E9D1-41B3-8B2E-8B02AAA4836E}.Release|iPhone.Build.0 = Release|iPhone
		{F83AC3C4-E9D1-41B3-8B2E-8B02AAA4836E}.Release|iPhoneSimulator.ActiveCfg = Release|iPhoneSimulator
		{F83AC3C4-E9D1-41B3-8B2E-8B02AAA4836E}.Release|iPhoneSimulator.Build.0 = Release|iPhoneSimulator
		{F83AC3C4-E9D1-41B3-8B2E-8B02AAA4836E}.Release|x64.ActiveCfg = Release|iPhone
		{F83AC3C4-E9D1-41B3-8B2E-8B02AAA4836E}.Release|x86.ActiveCfg = Release|iPhone
		{A9B6F8EF-1072-4599-B93C-49F0FB8FCE8A}.Debug|Any CPU.ActiveCfg = Debug|Any CPU
		{A9B6F8EF-1072-4599-B93C-49F0FB8FCE8A}.Debug|Any CPU.Build.0 = Debug|Any CPU
		{A9B6F8EF-1072-4599-B93C-49F0FB8FCE8A}.Debug|ARM.ActiveCfg = Debug|Any CPU
		{A9B6F8EF-1072-4599-B93C-49F0FB8FCE8A}.Debug|ARM.Build.0 = Debug|Any CPU
		{A9B6F8EF-1072-4599-B93C-49F0FB8FCE8A}.Debug|iPhone.ActiveCfg = Debug|Any CPU
		{A9B6F8EF-1072-4599-B93C-49F0FB8FCE8A}.Debug|iPhone.Build.0 = Debug|Any CPU
		{A9B6F8EF-1072-4599-B93C-49F0FB8FCE8A}.Debug|iPhoneSimulator.ActiveCfg = Debug|Any CPU
		{A9B6F8EF-1072-4599-B93C-49F0FB8FCE8A}.Debug|iPhoneSimulator.Build.0 = Debug|Any CPU
		{A9B6F8EF-1072-4599-B93C-49F0FB8FCE8A}.Debug|x64.ActiveCfg = Debug|Any CPU
		{A9B6F8EF-1072-4599-B93C-49F0FB8FCE8A}.Debug|x64.Build.0 = Debug|Any CPU
		{A9B6F8EF-1072-4599-B93C-49F0FB8FCE8A}.Debug|x86.ActiveCfg = Debug|Any CPU
		{A9B6F8EF-1072-4599-B93C-49F0FB8FCE8A}.Debug|x86.Build.0 = Debug|Any CPU
		{A9B6F8EF-1072-4599-B93C-49F0FB8FCE8A}.Release|Any CPU.ActiveCfg = Release|Any CPU
		{A9B6F8EF-1072-4599-B93C-49F0FB8FCE8A}.Release|Any CPU.Build.0 = Release|Any CPU
		{A9B6F8EF-1072-4599-B93C-49F0FB8FCE8A}.Release|ARM.ActiveCfg = Release|Any CPU
		{A9B6F8EF-1072-4599-B93C-49F0FB8FCE8A}.Release|ARM.Build.0 = Release|Any CPU
		{A9B6F8EF-1072-4599-B93C-49F0FB8FCE8A}.Release|iPhone.ActiveCfg = Release|Any CPU
		{A9B6F8EF-1072-4599-B93C-49F0FB8FCE8A}.Release|iPhone.Build.0 = Release|Any CPU
		{A9B6F8EF-1072-4599-B93C-49F0FB8FCE8A}.Release|iPhoneSimulator.ActiveCfg = Release|Any CPU
		{A9B6F8EF-1072-4599-B93C-49F0FB8FCE8A}.Release|iPhoneSimulator.Build.0 = Release|Any CPU
		{A9B6F8EF-1072-4599-B93C-49F0FB8FCE8A}.Release|x64.ActiveCfg = Release|Any CPU
		{A9B6F8EF-1072-4599-B93C-49F0FB8FCE8A}.Release|x64.Build.0 = Release|Any CPU
		{A9B6F8EF-1072-4599-B93C-49F0FB8FCE8A}.Release|x86.ActiveCfg = Release|Any CPU
		{A9B6F8EF-1072-4599-B93C-49F0FB8FCE8A}.Release|x86.Build.0 = Release|Any CPU
	EndGlobalSection
	GlobalSection(SolutionProperties) = preSolution
		HideSolutionNode = FALSE
	EndGlobalSection
	GlobalSection(ExtensibilityGlobals) = postSolution
		SolutionGuid = {859612C6-D16E-4D73-BA88-5CD3ED2968DF}
	EndGlobalSection
EndGlobal
